// !$*UTF8*$!
{
	archiveVersion = 1;
	classes = {
	};
	objectVersion = 70;
	objects = {

/* Begin PBXBuildFile section */
		2FAD9763203C412B000D30F8 /* config.xml in Resources */ = {isa = PBXBuildFile; fileRef = 2FAD9762203C412B000D30F8 /* config.xml */; };
		4D22ABE92AF431CB00220026 /* CapApp-SPM in Frameworks */ = {isa = PBXBuildFile; productRef = 4D22ABE82AF431CB00220026 /* CapApp-SPM */; };
		50379B232058CBB4000EE86E /* capacitor.config.json in Resources */ = {isa = PBXBuildFile; fileRef = 50379B222058CBB4000EE86E /* capacitor.config.json */; };
		504EC3081FED79650016851F /* AppDelegate.swift in Sources */ = {isa = PBXBuildFile; fileRef = 504EC3071FED79650016851F /* AppDelegate.swift */; };
		504EC30D1FED79650016851F /* Main.storyboard in Resources */ = {isa = PBXBuildFile; fileRef = 504EC30B1FED79650016851F /* Main.storyboard */; };
		504EC30F1FED79650016851F /* Assets.xcassets in Resources */ = {isa = PBXBuildFile; fileRef = 504EC30E1FED79650016851F /* Assets.xcassets */; };
		504EC3121FED79650016851F /* LaunchScreen.storyboard in Resources */ = {isa = PBXBuildFile; fileRef = 504EC3101FED79650016851F /* LaunchScreen.storyboard */; };
		50B271D11FEDC1A000F3C39B /* public in Resources */ = {isa = PBXBuildFile; fileRef = 50B271D01FEDC1A000F3C39B /* public */; };
		E74CDB002FFFDF510035F56D /* FeelingCaptureView.swift in Sources */ = {isa = PBXBuildFile; fileRef = E74CDAFF2FFFDF510035F56D /* FeelingCaptureView.swift */; };
		E74CDB022FFFDFF10035F56D /* ReflectionsView.swift in Sources */ = {isa = PBXBuildFile; fileRef = E74CDB012FFFDFF10035F56D /* ReflectionsView.swift */; };
		E7DEE32D2FA81DA3009ABAF2 /* DesignTokens.swift in Sources */ = {isa = PBXBuildFile; fileRef = E7DEE32C2FA81DA3009ABAF2 /* DesignTokens.swift */; };
		E7DEE32F2FA81DC8009ABAF2 /* Models.swift in Sources */ = {isa = PBXBuildFile; fileRef = E7DEE32E2FA81DC8009ABAF2 /* Models.swift */; };
		E7DEE3312FA81DEE009ABAF2 /* Components.swift in Sources */ = {isa = PBXBuildFile; fileRef = E7DEE3302FA81DEE009ABAF2 /* Components.swift */; };
		E7DEE3332FA81DF6009ABAF2 /* ResonanceBreathApp.swift in Sources */ = {isa = PBXBuildFile; fileRef = E7DEE3322FA81DF6009ABAF2 /* ResonanceBreathApp.swift */; };
		E7DEE3352FA81E06009ABAF2 /* MainTabView.swift in Sources */ = {isa = PBXBuildFile; fileRef = E7DEE3342FA81E06009ABAF2 /* MainTabView.swift */; };
		E7DEE3372FA81E23009ABAF2 /* HomeView.swift in Sources */ = {isa = PBXBuildFile; fileRef = E7DEE3362FA81E23009ABAF2 /* HomeView.swift */; };
		E7DEE3392FA81E3F009ABAF2 /* LibraryView.swift in Sources */ = {isa = PBXBuildFile; fileRef = E7DEE3382FA81E3F009ABAF2 /* LibraryView.swift */; };
		E7DEE33B2FA81E73009ABAF2 /* RecordView.swift in Sources */ = {isa = PBXBuildFile; fileRef = E7DEE33A2FA81E73009ABAF2 /* RecordView.swift */; };
		E7DEE33D2FA81E8E009ABAF2 /* ImmersivePlayerView.swift in Sources */ = {isa = PBXBuildFile; fileRef = E7DEE33C2FA81E8E009ABAF2 /* ImmersivePlayerView.swift */; };
		E7DEE33F2FA81EA5009ABAF2 /* PlaylistsView.swift in Sources */ = {isa = PBXBuildFile; fileRef = E7DEE33E2FA81EA5009ABAF2 /* PlaylistsView.swift */; };
		E7DEE3412FA81ECA009ABAF2 /* ProfileView.swift in Sources */ = {isa = PBXBuildFile; fileRef = E7DEE3402FA81ECA009ABAF2 /* ProfileView.swift */; };
		E7DEE3432FA81EF6009ABAF2 /* OnboardingView.swift in Sources */ = {isa = PBXBuildFile; fileRef = E7DEE3422FA81EF6009ABAF2 /* OnboardingView.swift */; };
		E7DEE3452FA8216D009ABAF2 /* ResonanceRootView.swift in Sources */ = {isa = PBXBuildFile; fileRef = E7DEE3442FA8216D009ABAF2 /* ResonanceRootView.swift */; };
		E7DEE3D62FA8E171009ABAF2 /* AudioManager.swift in Sources */ = {isa = PBXBuildFile; fileRef = E7DEE3D52FA8E171009ABAF2 /* AudioManager.swift */; };
		E7DEE3DB2FA9288E009ABAF2 /* rain.mp3 in Resources */ = {isa = PBXBuildFile; fileRef = E7DEE3DA2FA9288E009ABAF2 /* rain.mp3 */; };
		E7DEE3DC2FA9288E009ABAF2 /* ocean.mp3 in Resources */ = {isa = PBXBuildFile; fileRef = E7DEE3D82FA9288E009ABAF2 /* ocean.mp3 */; };
		CA5E01012FAB0000009ABAF2 /* arnor.m4a in Resources */ = {isa = PBXBuildFile; fileRef = CA5E00012FAB0000009ABAF2 /* arnor.m4a */; };
		CA5E01022FAB0000009ABAF2 /* evening-improvisation.m4a in Resources */ = {isa = PBXBuildFile; fileRef = CA5E00022FAB0000009ABAF2 /* evening-improvisation.m4a */; };
		CA5E01032FAB0000009ABAF2 /* golden-hour.m4a in Resources */ = {isa = PBXBuildFile; fileRef = CA5E00032FAB0000009ABAF2 /* golden-hour.m4a */; };
		CA5E01042FAB0000009ABAF2 /* moonlight.m4a in Resources */ = {isa = PBXBuildFile; fileRef = CA5E00042FAB0000009ABAF2 /* moonlight.m4a */; };
		CA5E01052FAB0000009ABAF2 /* long-way-home.m4a in Resources */ = {isa = PBXBuildFile; fileRef = CA5E00052FAB0000009ABAF2 /* long-way-home.m4a */; };
		CA5E01062FAB0000009ABAF2 /* transcendence.m4a in Resources */ = {isa = PBXBuildFile; fileRef = CA5E00062FAB0000009ABAF2 /* transcendence.m4a */; };
		CA5E01072FAB0000009ABAF2 /* PrivacyInfo.xcprivacy in Resources */ = {isa = PBXBuildFile; fileRef = CA5E00072FAB0000009ABAF2 /* PrivacyInfo.xcprivacy */; };
		CA5E01082FAB0000009ABAF2 /* MusicCreditsView.swift in Sources */ = {isa = PBXBuildFile; fileRef = CA5E00082FAB0000009ABAF2 /* MusicCreditsView.swift */; };
		E7DEE3DD2FA9288E009ABAF2 /* piano.mp3 in Resources */ = {isa = PBXBuildFile; fileRef = E7DEE3D92FA9288E009ABAF2 /* piano.mp3 */; };
		E7DEE3DF2FA92A0F009ABAF2 /* WPMCalibrationView.swift in Sources */ = {isa = PBXBuildFile; fileRef = E7DEE3DE2FA92A0F009ABAF2 /* WPMCalibrationView.swift */; };
		E7DEE3E12FA93218009ABAF2 /* HapticManager.swift in Sources */ = {isa = PBXBuildFile; fileRef = E7DEE3E02FA93218009ABAF2 /* HapticManager.swift */; };
		E7DEE3E32FAA1529009ABAF2 /* ShareManager.swift in Sources */ = {isa = PBXBuildFile; fileRef = E7DEE3E22FAA1529009ABAF2 /* ShareManager.swift */; };
		E7DEE3E52FAA15C6009ABAF2 /* ThemeManager.swift in Sources */ = {isa = PBXBuildFile; fileRef = E7DEE3E42FAA15C6009ABAF2 /* ThemeManager.swift */; };
		E7DEE3E72FAA15E1009ABAF2 /* ThemeSettingsView.swift in Sources */ = {isa = PBXBuildFile; fileRef = E7DEE3E62FAA15E1009ABAF2 /* ThemeSettingsView.swift */; };
		E7DEE3E92FAA1AC5009ABAF2 /* RecordingDetailView.swift in Sources */ = {isa = PBXBuildFile; fileRef = E7DEE3E82FAA1AC5009ABAF2 /* RecordingDetailView.swift */; };
		E7DEE3EB2FAA1C47009ABAF2 /* MyAffirmationsView.swift in Sources */ = {isa = PBXBuildFile; fileRef = E7DEE3EA2FAA1C47009ABAF2 /* MyAffirmationsView.swift */; };
		E7DEE3ED2FAA1C64009ABAF2 /* AffirmationDetailView.swift in Sources */ = {isa = PBXBuildFile; fileRef = E7DEE3EC2FAA1C64009ABAF2 /* AffirmationDetailView.swift */; };
		E7DEE3EF2FAA1EA9009ABAF2 /* ToneAnalysisView.swift in Sources */ = {isa = PBXBuildFile; fileRef = E7DEE3EE2FAA1EA9009ABAF2 /* ToneAnalysisView.swift */; };
		E7DEE3F12FAA1FCD009ABAF2 /* ImportRecordingsView.swift in Sources */ = {isa = PBXBuildFile; fileRef = E7DEE3F02FAA1FCC009ABAF2 /* ImportRecordingsView.swift */; };
		E7DEE3F32FAA82A7009ABAF2 /* CreatePlaylistView.swift in Sources */ = {isa = PBXBuildFile; fileRef = E7DEE3F22FAA82A7009ABAF2 /* CreatePlaylistView.swift */; };
		E7DEE3F52FAA82BD009ABAF2 /* PlaylistDetailView.swift in Sources */ = {isa = PBXBuildFile; fileRef = E7DEE3F42FAA82BD009ABAF2 /* PlaylistDetailView.swift */; };
		E7DEE3F72FAA82C6009ABAF2 /* EditPlaylistView.swift in Sources */ = {isa = PBXBuildFile; fileRef = E7DEE3F62FAA82C6009ABAF2 /* EditPlaylistView.swift */; };
		E7DEE3F92FAAA524009ABAF2 /* ThoughtTransformerView.swift in Sources */ = {isa = PBXBuildFile; fileRef = E7DEE3F82FAAA524009ABAF2 /* ThoughtTransformerView.swift */; };
		E7E4D13F2FABA77F00B95E65 /* PlaybackOptionsSheet.swift in Sources */ = {isa = PBXBuildFile; fileRef = E7E4D13E2FABA77F00B95E65 /* PlaybackOptionsSheet.swift */; };
/* End PBXBuildFile section */

/* Begin PBXFileReference section */
		2FAD9762203C412B000D30F8 /* config.xml */ = {isa = PBXFileReference; lastKnownFileType = text.xml; path = config.xml; sourceTree = "<group>"; };
		50379B222058CBB4000EE86E /* capacitor.config.json */ = {isa = PBXFileReference; fileEncoding = 4; lastKnownFileType = text.json; path = capacitor.config.json; sourceTree = "<group>"; };
		504EC3041FED79650016851F /* Resonance.app */ = {isa = PBXFileReference; explicitFileType = wrapper.application; includeInIndex = 0; path = Resonance.app; sourceTree = BUILT_PRODUCTS_DIR; };
		504EC3071FED79650016851F /* AppDelegate.swift */ = {isa = PBXFileReference; lastKnownFileType = sourcecode.swift; path = AppDelegate.swift; sourceTree = "<group>"; };
		504EC30C1FED79650016851F /* Base */ = {isa = PBXFileReference; lastKnownFileType = file.storyboard; name = Base; path = Base.lproj/Main.storyboard; sourceTree = "<group>"; };
		504EC30E1FED79650016851F /* Assets.xcassets */ = {isa = PBXFileReference; lastKnownFileType = folder.assetcatalog; path = Assets.xcassets; sourceTree = "<group>"; };
		504EC3111FED79650016851F /* Base */ = {isa = PBXFileReference; lastKnownFileType = file.storyboard; name = Base; path = Base.lproj/LaunchScreen.storyboard; sourceTree = "<group>"; };
		504EC3131FED79650016851F /* Info.plist */ = {isa = PBXFileReference; lastKnownFileType = text.plist.xml; path = Info.plist; sourceTree = "<group>"; };
		50B271D01FEDC1A000F3C39B /* public */ = {isa = PBXFileReference; lastKnownFileType = folder; path = public; sourceTree = "<group>"; };
		958DCC722DB07C7200EA8C5F /* debug.xcconfig */ = {isa = PBXFileReference; lastKnownFileType = text.xcconfig; name = debug.xcconfig; path = ../debug.xcconfig; sourceTree = SOURCE_ROOT; };
		E74CDAFF2FFFDF510035F56D /* FeelingCaptureView.swift */ = {isa = PBXFileReference; lastKnownFileType = sourcecode.swift; path = FeelingCaptureView.swift; sourceTree = "<group>"; };
		E74CDB012FFFDFF10035F56D /* ReflectionsView.swift */ = {isa = PBXFileReference; lastKnownFileType = sourcecode.swift; path = ReflectionsView.swift; sourceTree = "<group>"; };
		E7DEE32C2FA81DA3009ABAF2 /* DesignTokens.swift */ = {isa = PBXFileReference; lastKnownFileType = sourcecode.swift; path = DesignTokens.swift; sourceTree = "<group>"; };
		E7DEE32E2FA81DC8009ABAF2 /* Models.swift */ = {isa = PBXFileReference; lastKnownFileType = sourcecode.swift; path = Models.swift; sourceTree = "<group>"; };
		E7DEE3302FA81DEE009ABAF2 /* Components.swift */ = {isa = PBXFileReference; lastKnownFileType = sourcecode.swift; path = Components.swift; sourceTree = "<group>"; };
		E7DEE3322FA81DF6009ABAF2 /* ResonanceBreathApp.swift */ = {isa = PBXFileReference; lastKnownFileType = sourcecode.swift; path = ResonanceBreathApp.swift; sourceTree = "<group>"; };
		E7DEE3342FA81E06009ABAF2 /* MainTabView.swift */ = {isa = PBXFileReference; lastKnownFileType = sourcecode.swift; path = MainTabView.swift; sourceTree = "<group>"; };
		E7DEE3362FA81E23009ABAF2 /* HomeView.swift */ = {isa = PBXFileReference; lastKnownFileType = sourcecode.swift; path = HomeView.swift; sourceTree = "<group>"; };
		E7DEE3382FA81E3F009ABAF2 /* LibraryView.swift */ = {isa = PBXFileReference; lastKnownFileType = sourcecode.swift; path = LibraryView.swift; sourceTree = "<group>"; };
		E7DEE33A2FA81E73009ABAF2 /* RecordView.swift */ = {isa = PBXFileReference; lastKnownFileType = sourcecode.swift; path = RecordView.swift; sourceTree = "<group>"; };
		E7DEE33C2FA81E8E009ABAF2 /* ImmersivePlayerView.swift */ = {isa = PBXFileReference; lastKnownFileType = sourcecode.swift; path = ImmersivePlayerView.swift; sourceTree = "<group>"; };
		E7DEE33E2FA81EA5009ABAF2 /* PlaylistsView.swift */ = {isa = PBXFileReference; lastKnownFileType = sourcecode.swift; path = PlaylistsView.swift; sourceTree = "<group>"; };
		E7DEE3402FA81ECA009ABAF2 /* ProfileView.swift */ = {isa = PBXFileReference; lastKnownFileType = sourcecode.swift; path = ProfileView.swift; sourceTree = "<group>"; };
		E7DEE3422FA81EF6009ABAF2 /* OnboardingView.swift */ = {isa = PBXFileReference; lastKnownFileType = sourcecode.swift; path = OnboardingView.swift; sourceTree = "<group>"; };
		E7DEE3442FA8216D009ABAF2 /* ResonanceRootView.swift */ = {isa = PBXFileReference; lastKnownFileType = sourcecode.swift; path = ResonanceRootView.swift; sourceTree = "<group>"; };
		E7DEE3D52FA8E171009ABAF2 /* AudioManager.swift */ = {isa = PBXFileReference; lastKnownFileType = sourcecode.swift; path = AudioManager.swift; sourceTree = "<group>"; };
		E7DEE3D82FA9288E009ABAF2 /* ocean.mp3 */ = {isa = PBXFileReference; lastKnownFileType = audio.mp3; path = ocean.mp3; sourceTree = "<group>"; };
		CA5E00012FAB0000009ABAF2 /* arnor.m4a */ = {isa = PBXFileReference; lastKnownFileType = file; path = arnor.m4a; sourceTree = "<group>"; };
		CA5E00022FAB0000009ABAF2 /* evening-improvisation.m4a */ = {isa = PBXFileReference; lastKnownFileType = file; path = "evening-improvisation.m4a"; sourceTree = "<group>"; };
		CA5E00032FAB0000009ABAF2 /* golden-hour.m4a */ = {isa = PBXFileReference; lastKnownFileType = file; path = "golden-hour.m4a"; sourceTree = "<group>"; };
		CA5E00042FAB0000009ABAF2 /* moonlight.m4a */ = {isa = PBXFileReference; lastKnownFileType = file; path = moonlight.m4a; sourceTree = "<group>"; };
		CA5E00052FAB0000009ABAF2 /* long-way-home.m4a */ = {isa = PBXFileReference; lastKnownFileType = file; path = "long-way-home.m4a"; sourceTree = "<group>"; };
		CA5E00062FAB0000009ABAF2 /* transcendence.m4a */ = {isa = PBXFileReference; lastKnownFileType = file; path = transcendence.m4a; sourceTree = "<group>"; };
		CA5E00072FAB0000009ABAF2 /* PrivacyInfo.xcprivacy */ = {isa = PBXFileReference; lastKnownFileType = text.xml; path = PrivacyInfo.xcprivacy; sourceTree = "<group>"; };
		CA5E00082FAB0000009ABAF2 /* MusicCreditsView.swift */ = {isa = PBXFileReference; lastKnownFileType = sourcecode.swift; path = MusicCreditsView.swift; sourceTree = "<group>"; };
		E7DEE3D92FA9288E009ABAF2 /* piano.mp3 */ = {isa = PBXFileReference; lastKnownFileType = audio.mp3; path = piano.mp3; sourceTree = "<group>"; };
		E7DEE3DA2FA9288E009ABAF2 /* rain.mp3 */ = {isa = PBXFileReference; lastKnownFileType = audio.mp3; path = rain.mp3; sourceTree = "<group>"; };
		E7DEE3DE2FA92A0F009ABAF2 /* WPMCalibrationView.swift */ = {isa = PBXFileReference; lastKnownFileType = sourcecode.swift; path = WPMCalibrationView.swift; sourceTree = "<group>"; };
		E7DEE3E02FA93218009ABAF2 /* HapticManager.swift */ = {isa = PBXFileReference; lastKnownFileType = sourcecode.swift; path = HapticManager.swift; sourceTree = "<group>"; };
		E7DEE3E22FAA1529009ABAF2 /* ShareManager.swift */ = {isa = PBXFileReference; lastKnownFileType = sourcecode.swift; path = ShareManager.swift; sourceTree = "<group>"; };
		E7DEE3E42FAA15C6009ABAF2 /* ThemeManager.swift */ = {isa = PBXFileReference; lastKnownFileType = sourcecode.swift; path = ThemeManager.swift; sourceTree = "<group>"; };
		E7DEE3E62FAA15E1009ABAF2 /* ThemeSettingsView.swift */ = {isa = PBXFileReference; lastKnownFileType = sourcecode.swift; path = ThemeSettingsView.swift; sourceTree = "<group>"; };
		E7DEE3E82FAA1AC5009ABAF2 /* RecordingDetailView.swift */ = {isa = PBXFileReference; lastKnownFileType = sourcecode.swift; path = RecordingDetailView.swift; sourceTree = "<group>"; };
		E7DEE3EA2FAA1C47009ABAF2 /* MyAffirmationsView.swift */ = {isa = PBXFileReference; lastKnownFileType = sourcecode.swift; path = MyAffirmationsView.swift; sourceTree = "<group>"; };
		E7DEE3EC2FAA1C64009ABAF2 /* AffirmationDetailView.swift */ = {isa = PBXFileReference; lastKnownFileType = sourcecode.swift; path = AffirmationDetailView.swift; sourceTree = "<group>"; };
		E7DEE3EE2FAA1EA9009ABAF2 /* ToneAnalysisView.swift */ = {isa = PBXFileReference; lastKnownFileType = sourcecode.swift; path = ToneAnalysisView.swift; sourceTree = "<group>"; };
		E7DEE3F02FAA1FCC009ABAF2 /* ImportRecordingsView.swift */ = {isa = PBXFileReference; lastKnownFileType = sourcecode.swift; path = ImportRecordingsView.swift; sourceTree = "<group>"; };
		E7DEE3F22FAA82A7009ABAF2 /* CreatePlaylistView.swift */ = {isa = PBXFileReference; lastKnownFileType = sourcecode.swift; path = CreatePlaylistView.swift; sourceTree = "<group>"; };
		E7DEE3F42FAA82BD009ABAF2 /* PlaylistDetailView.swift */ = {isa = PBXFileReference; lastKnownFileType = sourcecode.swift; path = PlaylistDetailView.swift; sourceTree = "<group>"; };
		E7DEE3F62FAA82C6009ABAF2 /* EditPlaylistView.swift */ = {isa = PBXFileReference; lastKnownFileType = sourcecode.swift; path = EditPlaylistView.swift; sourceTree = "<group>"; };
		E7DEE3F82FAAA524009ABAF2 /* ThoughtTransformerView.swift */ = {isa = PBXFileReference; lastKnownFileType = sourcecode.swift; path = ThoughtTransformerView.swift; sourceTree = "<group>"; };
		E7E4D13E2FABA77F00B95E65 /* PlaybackOptionsSheet.swift */ = {isa = PBXFileReference; lastKnownFileType = sourcecode.swift; path = PlaybackOptionsSheet.swift; sourceTree = "<group>"; };
/* End PBXFileReference section */

/* Begin PBXFileSystemSynchronizedRootGroup section */
		E7DEE3922FA822B0009ABAF2 /* Fonts 2 */ = {isa = PBXFileSystemSynchronizedRootGroup; explicitFileTypes = {}; explicitFolders = (); path = "Fonts 2"; sourceTree = "<group>"; };
/* End PBXFileSystemSynchronizedRootGroup section */

/* Begin PBXFrameworksBuildPhase section */
		504EC3011FED79650016851F /* Frameworks */ = {
			isa = PBXFrameworksBuildPhase;
			buildActionMask = 2147483647;
			files = (
			);
			runOnlyForDeploymentPostprocessing = 0;
		};
/* End PBXFrameworksBuildPhase section */

/* Begin PBXGroup section */
		504EC2FB1FED79650016851F = {
			isa = PBXGroup;
			children = (
				E7DEE3922FA822B0009ABAF2 /* Fonts 2 */,
				958DCC722DB07C7200EA8C5F /* debug.xcconfig */,
				504EC3061FED79650016851F /* App */,
				504EC3051FED79650016851F /* Products */,
			);
			sourceTree = "<group>";
		};
		504EC3051FED79650016851F /* Products */ = {
			isa = PBXGroup;
			children = (
				504EC3041FED79650016851F /* Resonance.app */,
			);
			name = Products;
			sourceTree = "<group>";
		};
		504EC3061FED79650016851F /* App */ = {
			isa = PBXGroup;
			children = (
				50379B222058CBB4000EE86E /* capacitor.config.json */,
				CA5E00072FAB0000009ABAF2 /* PrivacyInfo.xcprivacy */,
				CA5E00082FAB0000009ABAF2 /* MusicCreditsView.swift */,
				504EC3071FED79650016851F /* AppDelegate.swift */,
				504EC30B1FED79650016851F /* Main.storyboard */,
				504EC30E1FED79650016851F /* Assets.xcassets */,
				504EC3101FED79650016851F /* LaunchScreen.storyboard */,
				504EC3131FED79650016851F /* Info.plist */,
				2FAD9762203C412B000D30F8 /* config.xml */,
				50B271D01FEDC1A000F3C39B /* public */,
				E7DEE32C2FA81DA3009ABAF2 /* DesignTokens.swift */,
				E7DEE32E2FA81DC8009ABAF2 /* Models.swift */,
				E7DEE3302FA81DEE009ABAF2 /* Components.swift */,
				E7DEE3322FA81DF6009ABAF2 /* ResonanceBreathApp.swift */,
				E7DEE3342FA81E06009ABAF2 /* MainTabView.swift */,
				E7DEE3362FA81E23009ABAF2 /* HomeView.swift */,
				E7DEE3382FA81E3F009ABAF2 /* LibraryView.swift */,
				E7DEE33A2FA81E73009ABAF2 /* RecordView.swift */,
				E7DEE33C2FA81E8E009ABAF2 /* ImmersivePlayerView.swift */,
				E7DEE33E2FA81EA5009ABAF2 /* PlaylistsView.swift */,
				E7DEE3402FA81ECA009ABAF2 /* ProfileView.swift */,
				E7DEE3422FA81EF6009ABAF2 /* OnboardingView.swift */,
				E7DEE3442FA8216D009ABAF2 /* ResonanceRootView.swift */,
				E7DEE3D52FA8E171009ABAF2 /* AudioManager.swift */,
				E7DEE3D72FA8F05F009ABAF2 /* Sounds */,
				E7DEE3DE2FA92A0F009ABAF2 /* WPMCalibrationView.swift */,
				E7DEE3E02FA93218009ABAF2 /* HapticManager.swift */,
				E7DEE3E22FAA1529009ABAF2 /* ShareManager.swift */,
				E7DEE3E42FAA15C6009ABAF2 /* ThemeManager.swift */,
				E7DEE3E62FAA15E1009ABAF2 /* ThemeSettingsView.swift */,
				E7DEE3E82FAA1AC5009ABAF2 /* RecordingDetailView.swift */,
				E7DEE3EA2FAA1C47009ABAF2 /* MyAffirmationsView.swift */,
				E7DEE3EC2FAA1C64009ABAF2 /* AffirmationDetailView.swift */,
				E7DEE3EE2FAA1EA9009ABAF2 /* ToneAnalysisView.swift */,
				E7DEE3F02FAA1FCC009ABAF2 /* ImportRecordingsView.swift */,
				E7DEE3F22FAA82A7009ABAF2 /* CreatePlaylistView.swift */,
				E7DEE3F42FAA82BD009ABAF2 /* PlaylistDetailView.swift */,
				E7DEE3F62FAA82C6009ABAF2 /* EditPlaylistView.swift */,
				E7DEE3F82FAAA524009ABAF2 /* ThoughtTransformerView.swift */,
				E7E4D13E2FABA77F00B95E65 /* PlaybackOptionsSheet.swift */,
				E74CDAFF2FFFDF510035F56D /* FeelingCaptureView.swift */,
				E74CDB012FFFDFF10035F56D /* ReflectionsView.swift */,
			);
			path = App;
			sourceTree = "<group>";
		};
		E7DEE3D72FA8F05F009ABAF2 /* Sounds */ = {
			isa = PBXGroup;
			children = (
				CA5E00012FAB0000009ABAF2 /* arnor.m4a */,
				CA5E00022FAB0000009ABAF2 /* evening-improvisation.m4a */,
				CA5E00032FAB0000009ABAF2 /* golden-hour.m4a */,
				CA5E00042FAB0000009ABAF2 /* moonlight.m4a */,
				CA5E00052FAB0000009ABAF2 /* long-way-home.m4a */,
				CA5E00062FAB0000009ABAF2 /* transcendence.m4a */,
				E7DEE3D82FA9288E009ABAF2 /* ocean.mp3 */,
				E7DEE3D92FA9288E009ABAF2 /* piano.mp3 */,
				E7DEE3DA2FA9288E009ABAF2 /* rain.mp3 */,
			);
			path = Sounds;
			sourceTree = "<group>";
		};
/* End PBXGroup section */

/* Begin PBXNativeTarget section */
		504EC3031FED79650016851F /* Resonance */ = {
			isa = PBXNativeTarget;
			buildConfigurationList = 504EC3161FED79650016851F /* Build configuration list for PBXNativeTarget "Resonance" */;
			buildPhases = (
				504EC3001FED79650016851F /* Sources */,
				504EC3011FED79650016851F /* Frameworks */,
				504EC3021FED79650016851F /* Resources */,
			);
			buildRules = (
			);
			dependencies = (
			);
			fileSystemSynchronizedGroups = (
				E7DEE3922FA822B0009ABAF2 /* Fonts 2 */,
			);
			name = Resonance;
			packageProductDependencies = (
			);
			productName = App;
			productReference = 504EC3041FED79650016851F /* Resonance.app */;
			productType = "com.apple.product-type.application";
		};
/* End PBXNativeTarget section */

/* Begin PBXProject section */
		504EC2FC1FED79650016851F /* Project object */ = {
			isa = PBXProject;
			attributes = {
				BuildIndependentTargetsInParallel = YES;
				LastSwiftUpdateCheck = 0920;
				LastUpgradeCheck = 2630;
				TargetAttributes = {
					504EC3031FED79650016851F = {
						CreatedOnToolsVersion = 9.2;
						LastSwiftMigration = 1100;
					};
				};
			};
			buildConfigurationList = 504EC2FF1FED79650016851F /* Build configuration list for PBXProject "Resonance" */;
			compatibilityVersion = "Xcode 8.0";
			developmentRegion = en;
			hasScannedForEncodings = 0;
			knownRegions = (
				en,
				Base,
			);
			mainGroup = 504EC2FB1FED79650016851F;
			packageReferences = (
			);
			productRefGroup = 504EC3051FED79650016851F /* Products */;
			projectDirPath = "";
			projectRoot = "";
			targets = (
				504EC3031FED79650016851F /* Resonance */,
			);
		};
/* End PBXProject section */

/* Begin PBXResourcesBuildPhase section */
		504EC3021FED79650016851F /* Resources */ = {
			isa = PBXResourcesBuildPhase;
			buildActionMask = 2147483647;
			files = (
				504EC3121FED79650016851F /* LaunchScreen.storyboard in Resources */,
				CA5E01012FAB0000009ABAF2 /* arnor.m4a in Resources */,
				CA5E01022FAB0000009ABAF2 /* evening-improvisation.m4a in Resources */,
				CA5E01032FAB0000009ABAF2 /* golden-hour.m4a in Resources */,
				CA5E01042FAB0000009ABAF2 /* moonlight.m4a in Resources */,
				CA5E01052FAB0000009ABAF2 /* long-way-home.m4a in Resources */,
				CA5E01062FAB0000009ABAF2 /* transcendence.m4a in Resources */,
				CA5E01072FAB0000009ABAF2 /* PrivacyInfo.xcprivacy in Resources */,
				E7DEE3DB2FA9288E009ABAF2 /* rain.mp3 in Resources */,
				E7DEE3DC2FA9288E009ABAF2 /* ocean.mp3 in Resources */,
				E7DEE3DD2FA9288E009ABAF2 /* piano.mp3 in Resources */,
				504EC30F1FED79650016851F /* Assets.xcassets in Resources */,
			);
			runOnlyForDeploymentPostprocessing = 0;
		};
/* End PBXResourcesBuildPhase section */

/* Begin PBXSourcesBuildPhase section */
		504EC3001FED79650016851F /* Sources */ = {
			isa = PBXSourcesBuildPhase;
			buildActionMask = 2147483647;
			files = (
				E7DEE3F12FAA1FCD009ABAF2 /* ImportRecordingsView.swift in Sources */,
				CA5E01082FAB0000009ABAF2 /* MusicCreditsView.swift in Sources */,
				E7DEE3332FA81DF6009ABAF2 /* ResonanceBreathApp.swift in Sources */,
				E7DEE3EB2FAA1C47009ABAF2 /* MyAffirmationsView.swift in Sources */,
				E7DEE33B2FA81E73009ABAF2 /* RecordView.swift in Sources */,
				E7DEE3F72FAA82C6009ABAF2 /* EditPlaylistView.swift in Sources */,
				E7DEE3372FA81E23009ABAF2 /* HomeView.swift in Sources */,
				E7DEE3E32FAA1529009ABAF2 /* ShareManager.swift in Sources */,
				E7DEE3D62FA8E171009ABAF2 /* AudioManager.swift in Sources */,
				E7DEE3EF2FAA1EA9009ABAF2 /* ToneAnalysisView.swift in Sources */,
				E74CDB022FFFDFF10035F56D /* ReflectionsView.swift in Sources */,
				E7DEE3E92FAA1AC5009ABAF2 /* RecordingDetailView.swift in Sources */,
				E7DEE32F2FA81DC8009ABAF2 /* Models.swift in Sources */,
				E7DEE3412FA81ECA009ABAF2 /* ProfileView.swift in Sources */,
				E7DEE3312FA81DEE009ABAF2 /* Components.swift in Sources */,
				E7E4D13F2FABA77F00B95E65 /* PlaybackOptionsSheet.swift in Sources */,
				E7DEE3F52FAA82BD009ABAF2 /* PlaylistDetailView.swift in Sources */,
				E7DEE33F2FA81EA5009ABAF2 /* PlaylistsView.swift in Sources */,
				E7DEE3F92FAAA524009ABAF2 /* ThoughtTransformerView.swift in Sources */,
				E7DEE3ED2FAA1C64009ABAF2 /* AffirmationDetailView.swift in Sources */,
				E7DEE3392FA81E3F009ABAF2 /* LibraryView.swift in Sources */,
				504EC3081FED79650016851F /* AppDelegate.swift in Sources */,
				E7DEE3DF2FA92A0F009ABAF2 /* WPMCalibrationView.swift in Sources */,
				E7DEE33D2FA81E8E009ABAF2 /* ImmersivePlayerView.swift in Sources */,
				E7DEE3E72FAA15E1009ABAF2 /* ThemeSettingsView.swift in Sources */,
				E7DEE32D2FA81DA3009ABAF2 /* DesignTokens.swift in Sources */,
				E7DEE3452FA8216D009ABAF2 /* ResonanceRootView.swift in Sources */,
				E7DEE3E52FAA15C6009ABAF2 /* ThemeManager.swift in Sources */,
				E7DEE3432FA81EF6009ABAF2 /* OnboardingView.swift in Sources */,
				E7DEE3352FA81E06009ABAF2 /* MainTabView.swift in Sources */,
				E74CDB002FFFDF510035F56D /* FeelingCaptureView.swift in Sources */,
				E7DEE3F32FAA82A7009ABAF2 /* CreatePlaylistView.swift in Sources */,
				E7DEE3E12FA93218009ABAF2 /* HapticManager.swift in Sources */,
			);
			runOnlyForDeploymentPostprocessing = 0;
		};
/* End PBXSourcesBuildPhase section */

/* Begin PBXVariantGroup section */
		504EC30B1FED79650016851F /* Main.storyboard */ = {
			isa = PBXVariantGroup;
			children = (
				504EC30C1FED79650016851F /* Base */,
			);
			name = Main.storyboard;
			sourceTree = "<group>";
		};
		504EC3101FED79650016851F /* LaunchScreen.storyboard */ = {
			isa = PBXVariantGroup;
			children = (
				504EC3111FED79650016851F /* Base */,
			);
			name = LaunchScreen.storyboard;
			sourceTree = "<group>";
		};
/* End PBXVariantGroup section */

/* Begin XCBuildConfiguration section */
		504EC3141FED79650016851F /* Debug */ = {
			isa = XCBuildConfiguration;
			baseConfigurationReference = 958DCC722DB07C7200EA8C5F /* debug.xcconfig */;
			buildSettings = {
				ALWAYS_SEARCH_USER_PATHS = NO;
				CLANG_ANALYZER_NONNULL = YES;
				CLANG_ANALYZER_NUMBER_OBJECT_CONVERSION = YES_AGGRESSIVE;
				CLANG_CXX_LANGUAGE_STANDARD = "gnu++14";
				CLANG_CXX_LIBRARY = "libc++";
				CLANG_ENABLE_MODULES = YES;
				CLANG_ENABLE_OBJC_ARC = YES;
				CLANG_WARN_BLOCK_CAPTURE_AUTORELEASING = YES;
				CLANG_WARN_BOOL_CONVERSION = YES;
				CLANG_WARN_COMMA = YES;
				CLANG_WARN_CONSTANT_CONVERSION = YES;
				CLANG_WARN_DEPRECATED_OBJC_IMPLEMENTATIONS = YES;
				CLANG_WARN_DIRECT_OBJC_ISA_USAGE = YES_ERROR;
				CLANG_WARN_DOCUMENTATION_COMMENTS = YES;
				CLANG_WARN_EMPTY_BODY = YES;
				CLANG_WARN_ENUM_CONVERSION = YES;
				CLANG_WARN_INFINITE_RECURSION = YES;
				CLANG_WARN_INT_CONVERSION = YES;
				CLANG_WARN_NON_LITERAL_NULL_CONVERSION = YES;
				CLANG_WARN_OBJC_IMPLICIT_RETAIN_SELF = YES;
				CLANG_WARN_OBJC_LITERAL_CONVERSION = YES;
				CLANG_WARN_OBJC_ROOT_CLASS = YES_ERROR;
				CLANG_WARN_QUOTED_INCLUDE_IN_FRAMEWORK_HEADER = YES;
				CLANG_WARN_RANGE_LOOP_ANALYSIS = YES;
				CLANG_WARN_STRICT_PROTOTYPES = YES;
				CLANG_WARN_SUSPICIOUS_MOVE = YES;
				CLANG_WARN_UNGUARDED_AVAILABILITY = YES_AGGRESSIVE;
				CLANG_WARN_UNREACHABLE_CODE = YES;
				CLANG_WARN__DUPLICATE_METHOD_MATCH = YES;
				CODE_SIGN_IDENTITY = "iPhone Developer";
				COPY_PHASE_STRIP = NO;
				DEBUG_INFORMATION_FORMAT = dwarf;
				DEVELOPMENT_TEAM = 9H83HB2TRH;
				ENABLE_STRICT_OBJC_MSGSEND = YES;
				ENABLE_TESTABILITY = YES;
				ENABLE_USER_SCRIPT_SANDBOXING = YES;
				GCC_C_LANGUAGE_STANDARD = gnu11;
				GCC_DYNAMIC_NO_PIC = NO;
				GCC_NO_COMMON_BLOCKS = YES;
				GCC_OPTIMIZATION_LEVEL = 0;
				GCC_PREPROCESSOR_DEFINITIONS = (
					"DEBUG=1",
					"$(inherited)",
				);
				GCC_WARN_64_TO_32_BIT_CONVERSION = YES;
				GCC_WARN_ABOUT_RETURN_TYPE = YES_ERROR;
				GCC_WARN_UNDECLARED_SELECTOR = YES;
				GCC_WARN_UNINITIALIZED_AUTOS = YES_AGGRESSIVE;
				GCC_WARN_UNUSED_FUNCTION = YES;
				GCC_WARN_UNUSED_VARIABLE = YES;
				IPHONEOS_DEPLOYMENT_TARGET = 15.0;
				MTL_ENABLE_DEBUG_INFO = YES;
				ONLY_ACTIVE_ARCH = YES;
				SDKROOT = iphoneos;
				STRING_CATALOG_GENERATE_SYMBOLS = YES;
				SWIFT_ACTIVE_COMPILATION_CONDITIONS = DEBUG;
				SWIFT_OPTIMIZATION_LEVEL = "-Onone";
			};
			name = Debug;
		};
		504EC3151FED79650016851F /* Release */ = {
			isa = XCBuildConfiguration;
			buildSettings = {
				ALWAYS_SEARCH_USER_PATHS = NO;
				CLANG_ANALYZER_NONNULL = YES;
				CLANG_ANALYZER_NUMBER_OBJECT_CONVERSION = YES_AGGRESSIVE;
				CLANG_CXX_LANGUAGE_STANDARD = "gnu++14";
				CLANG_CXX_LIBRARY = "libc++";
				CLANG_ENABLE_MODULES = YES;
				CLANG_ENABLE_OBJC_ARC = YES;
				CLANG_WARN_BLOCK_CAPTURE_AUTORELEASING = YES;
				CLANG_WARN_BOOL_CONVERSION = YES;
				CLANG_WARN_COMMA = YES;
				CLANG_WARN_CONSTANT_CONVERSION = YES;
				CLANG_WARN_DEPRECATED_OBJC_IMPLEMENTATIONS = YES;
				CLANG_WARN_DIRECT_OBJC_ISA_USAGE = YES_ERROR;
				CLANG_WARN_DOCUMENTATION_COMMENTS = YES;
				CLANG_WARN_EMPTY_BODY = YES;
				CLANG_WARN_ENUM_CONVERSION = YES;
				CLANG_WARN_INFINITE_RECURSION = YES;
				CLANG_WARN_INT_CONVERSION = YES;
				CLANG_WARN_NON_LITERAL_NULL_CONVERSION = YES;
				CLANG_WARN_OBJC_IMPLICIT_RETAIN_SELF = YES;
				CLANG_WARN_OBJC_LITERAL_CONVERSION = YES;
				CLANG_WARN_OBJC_ROOT_CLASS = YES_ERROR;
				CLANG_WARN_QUOTED_INCLUDE_IN_FRAMEWORK_HEADER = YES;
				CLANG_WARN_RANGE_LOOP_ANALYSIS = YES;
				CLANG_WARN_STRICT_PROTOTYPES = YES;
				CLANG_WARN_SUSPICIOUS_MOVE = YES;
				CLANG_WARN_UNGUARDED_AVAILABILITY = YES_AGGRESSIVE;
				CLANG_WARN_UNREACHABLE_CODE = YES;
				CLANG_WARN__DUPLICATE_METHOD_MATCH = YES;
				CODE_SIGN_IDENTITY = "iPhone Developer";
				COPY_PHASE_STRIP = NO;
				DEBUG_INFORMATION_FORMAT = "dwarf-with-dsym";
				DEVELOPMENT_TEAM = 9H83HB2TRH;
				ENABLE_NS_ASSERTIONS = NO;
				ENABLE_STRICT_OBJC_MSGSEND = YES;
				ENABLE_USER_SCRIPT_SANDBOXING = YES;
				GCC_C_LANGUAGE_STANDARD = gnu11;
				GCC_NO_COMMON_BLOCKS = YES;
				GCC_WARN_64_TO_32_BIT_CONVERSION = YES;
				GCC_WARN_ABOUT_RETURN_TYPE = YES_ERROR;
				GCC_WARN_UNDECLARED_SELECTOR = YES;
				GCC_WARN_UNINITIALIZED_AUTOS = YES_AGGRESSIVE;
				GCC_WARN_UNUSED_FUNCTION = YES;
				GCC_WARN_UNUSED_VARIABLE = YES;
				IPHONEOS_DEPLOYMENT_TARGET = 15.0;
				MTL_ENABLE_DEBUG_INFO = NO;
				SDKROOT = iphoneos;
				STRING_CATALOG_GENERATE_SYMBOLS = YES;
				SWIFT_COMPILATION_MODE = wholemodule;
				SWIFT_OPTIMIZATION_LEVEL = "-O";
				VALIDATE_PRODUCT = YES;
			};
			name = Release;
		};
		504EC3171FED79650016851F /* Debug */ = {
			isa = XCBuildConfiguration;
			baseConfigurationReference = 958DCC722DB07C7200EA8C5F /* debug.xcconfig */;
			buildSettings = {
				ASSETCATALOG_COMPILER_APPICON_NAME = AppIcon;
				CODE_SIGN_STYLE = Automatic;
				CURRENT_PROJECT_VERSION = 1;
				DEVELOPMENT_TEAM = 9H83HB2TRH;
				INFOPLIST_FILE = App/Info.plist;
				INFOPLIST_KEY_CFBundleDisplayName = Resonance;
				INFOPLIST_KEY_LSApplicationCategoryType = "public.app-category.healthcare-fitness";
				IPHONEOS_DEPLOYMENT_TARGET = 15.0;
				LD_RUNPATH_SEARCH_PATHS = (
					"$(inherited)",
					"@executable_path/Frameworks",
				);
				MARKETING_VERSION = 1.0;
				OTHER_SWIFT_FLAGS = "$(inherited) \"-D\" \"COCOAPODS\" \"-DDEBUG\"";
				PRODUCT_BUNDLE_IDENTIFIER = com.katespurr.resonance;
				PRODUCT_NAME = "$(TARGET_NAME)";
				SWIFT_ACTIVE_COMPILATION_CONDITIONS = DEBUG;
				SWIFT_VERSION = 5.0;
				TARGETED_DEVICE_FAMILY = 1;
			};
			name = Debug;
		};
		504EC3181FED79650016851F /* Release */ = {
			isa = XCBuildConfiguration;
			buildSettings = {
				ASSETCATALOG_COMPILER_APPICON_NAME = AppIcon;
				CODE_SIGN_IDENTITY = "Apple Development";
				CODE_SIGN_STYLE = Automatic;
				CURRENT_PROJECT_VERSION = 1;
				DEVELOPMENT_TEAM = 9H83HB2TRH;
				INFOPLIST_FILE = App/Info.plist;
				INFOPLIST_KEY_CFBundleDisplayName = Resonance;
				INFOPLIST_KEY_LSApplicationCategoryType = "public.app-category.healthcare-fitness";
				IPHONEOS_DEPLOYMENT_TARGET = 15.0;
				LD_RUNPATH_SEARCH_PATHS = (
					"$(inherited)",
					"@executable_path/Frameworks",
				);
				MARKETING_VERSION = 1.0;
				PRODUCT_BUNDLE_IDENTIFIER = com.katespurr.resonance;
				PRODUCT_NAME = "$(TARGET_NAME)";
				PROVISIONING_PROFILE_SPECIFIER = "";
				SWIFT_ACTIVE_COMPILATION_CONDITIONS = "";
				SWIFT_VERSION = 5.0;
				TARGETED_DEVICE_FAMILY = 1;
			};
			name = Release;
		};
/* End XCBuildConfiguration section */

/* Begin XCConfigurationList section */
		504EC2FF1FED79650016851F /* Build configuration list for PBXProject "Resonance" */ = {
			isa = XCConfigurationList;
			buildConfigurations = (
				504EC3141FED79650016851F /* Debug */,
				504EC3151FED79650016851F /* Release */,
			);
			defaultConfigurationIsVisible = 0;
			defaultConfigurationName = Release;
		};
		504EC3161FED79650016851F /* Build configuration list for PBXNativeTarget "Resonance" */ = {
			isa = XCConfigurationList;
			buildConfigurations = (
				504EC3171FED79650016851F /* Debug */,
				504EC3181FED79650016851F /* Release */,
			);
			defaultConfigurationIsVisible = 0;
			defaultConfigurationName = Release;
		};
/* End XCConfigurationList section */

	};
	rootObject = 504EC2FC1FED79650016851F /* Project object */;
}
